// !$*UTF8*$!
{
	archiveVersion = 1;
	classes = {
	};
	objectVersion = 47;
	objects = {

/* Begin PBXBuildFile section */
		3A4F037A1D9A32AA007614DA /* AppDelegate.swift in Sources */ = {isa = PBXBuildFile; fileRef = 3A4F03791D9A32AA007614DA /* AppDelegate.swift */; };
		3A4F037C1D9A32AA007614DA /* ViewController.swift in Sources */ = {isa = PBXBuildFile; fileRef = 3A4F037B1D9A32AA007614DA /* ViewController.swift */; };
		3A4F037F1D9A32AA007614DA /* Main.storyboard in Resources */ = {isa = PBXBuildFile; fileRef = 3A4F037D1D9A32AA007614DA /* Main.storyboard */; };
		3A4F03841D9A32AA007614DA /* LaunchScreen.storyboard in Resources */ = {isa = PBXBuildFile; fileRef = 3A4F03821D9A32AA007614DA /* LaunchScreen.storyboard */; };
		3A4F038C1D9A32F8007614DA /* SecondViewController.swift in Sources */ = {isa = PBXBuildFile; fileRef = 3A4F038B1D9A32F8007614DA /* SecondViewController.swift */; };
		3A4F038E1D9A33F1007614DA /* UserData.swift in Sources */ = {isa = PBXBuildFile; fileRef = 3A4F038D1D9A33F1007614DA /* UserData.swift */; };
		3AA02F5A1D9D185600ECA6C4 /* SecondViewController.swift in Sources */ = {isa = PBXBuildFile; fileRef = 3A4F038B1D9A32F8007614DA /* SecondViewController.swift */; };
		3AA02F5B1D9D185600ECA6C4 /* ViewController.swift in Sources */ = {isa = PBXBuildFile; fileRef = 3A4F037B1D9A32AA007614DA /* ViewController.swift */; };
		3AA02F5C1D9D185600ECA6C4 /* UserData.swift in Sources */ = {isa = PBXBuildFile; fileRef = 3A4F038D1D9A33F1007614DA /* UserData.swift */; };
		3AA02F5D1D9D185600ECA6C4 /* AppDelegate.swift in Sources */ = {isa = PBXBuildFile; fileRef = 3A4F03791D9A32AA007614DA /* AppDelegate.swift */; };
		3AA02F601D9D185600ECA6C4 /* LaunchScreen.storyboard in Resources */ = {isa = PBXBuildFile; fileRef = 3A4F03821D9A32AA007614DA /* LaunchScreen.storyboard */; };
		3AA02F611D9D185600ECA6C4 /* Assets.xcassets in Resources */ = {isa = PBXBuildFile; fileRef = 3A4F03801D9A32AA007614DA /* Assets.xcassets */; };
		3AA02F621D9D185600ECA6C4 /* Main.storyboard in Resources */ = {isa = PBXBuildFile; fileRef = 3A4F037D1D9A32AA007614DA /* Main.storyboard */; };
		3AA02F6B1D9D192900ECA6C4 /* Assets.xcassets in Resources */ = {isa = PBXBuildFile; fileRef = 3A4F03801D9A32AA007614DA /* Assets.xcassets */; };
/* End PBXBuildFile section */

/* Begin PBXFileReference section */
		3A4F03761D9A32AA007614DA /* DataTransfer.app */ = {isa = PBXFileReference; explicitFileType = wrapper.application; includeInIndex = 0; path = DataTransfer.app; sourceTree = BUILT_PRODUCTS_DIR; };
		3A4F03791D9A32AA007614DA /* AppDelegate.swift */ = {isa = PBXFileReference; lastKnownFileType = sourcecode.swift; path = AppDelegate.swift; sourceTree = "<group>"; };
		3A4F037B1D9A32AA007614DA /* ViewController.swift */ = {isa = PBXFileReference; lastKnownFileType = sourcecode.swift; path = ViewController.swift; sourceTree = "<group>"; };
		3A4F037E1D9A32AA007614DA /* Base */ = {isa = PBXFileReference; lastKnownFileType = file.storyboard; name = Base; path = Base.lproj/Main.storyboard; sourceTree = "<group>"; };
		3A4F03801D9A32AA007614DA /* Assets.xcassets */ = {isa = PBXFileReference; lastKnownFileType = folder.assetcatalog; path = Assets.xcassets; sourceTree = "<group>"; };
		3A4F03831D9A32AA007614DA /* Base */ = {isa = PBXFileReference; lastKnownFileType = file.storyboard; name = Base; path = Base.lproj/LaunchScreen.storyboard; sourceTree = "<group>"; };
		3A4F03851D9A32AA007614DA /* Info.plist */ = {isa = PBXFileReference; lastKnownFileType = text.plist.xml; path = Info.plist; sourceTree = "<group>"; };
		3A4F038B1D9A32F8007614DA /* SecondViewController.swift */ = {isa = PBXFileReference; fileEncoding = 4; lastKnownFileType = sourcecode.swift; path = SecondViewController.swift; sourceTree = "<group>"; };
		3A4F038D1D9A33F1007614DA /* UserData.swift */ = {isa = PBXFileReference; fileEncoding = 4; lastKnownFileType = sourcecode.swift; path = UserData.swift; sourceTree = "<group>"; };
		3AA02F681D9D185600ECA6C4 /* DataTransfer_v-2.0.app */ = {isa = PBXFileReference; explicitFileType = wrapper.application; includeInIndex = 0; path = "DataTransfer_v-2.0.app"; sourceTree = BUILT_PRODUCTS_DIR; };
		3AA02F691D9D185700ECA6C4 /* DataTransfer copy-Info.plist */ = {isa = PBXFileReference; lastKnownFileType = text.plist.xml; name = "DataTransfer copy-Info.plist"; path = "/Users/nileshuttekar/Documents/Demo Projects/DataTransfer/DataTransfer copy-Info.plist"; sourceTree = "<absolute>"; };
/* End PBXFileReference section */

/* Begin PBXFrameworksBuildPhase section */
		3A4F03731D9A32AA007614DA /* Frameworks */ = {
			isa = PBXFrameworksBuildPhase;
			buildActionMask = 2147483647;
			files = (
			);
			runOnlyForDeploymentPostprocessing = 0;
		};
		3AA02F5E1D9D185600ECA6C4 /* Frameworks */ = {
			isa = PBXFrameworksBuildPhase;
			buildActionMask = 2147483647;
			files = (
			);
			runOnlyForDeploymentPostprocessing = 0;
		};
/* End PBXFrameworksBuildPhase section */

/* Begin PBXGroup section */
		3A4F036D1D9A32A9007614DA = {
			isa = PBXGroup;
			children = (
				3A4F03781D9A32AA007614DA /* DataTransfer */,
				3A4F03771D9A32AA007614DA /* Products */,
				3AA02F691D9D185700ECA6C4 /* DataTransfer copy-Info.plist */,
			);
			sourceTree = "<group>";
		};
		3A4F03771D9A32AA007614DA /* Products */ = {
			isa = PBXGroup;
			children = (
				3A4F03761D9A32AA007614DA /* DataTransfer.app */,
				3AA02F681D9D185600ECA6C4 /* DataTransfer_v-2.0.app */,
			);
			name = Products;
			sourceTree = "<group>";
		};
		3A4F03781D9A32AA007614DA /* DataTransfer */ = {
			isa = PBXGroup;
			children = (
				3A4F038D1D9A33F1007614DA /* UserData.swift */,
				3A4F03791D9A32AA007614DA /* AppDelegate.swift */,
				3A4F037B1D9A32AA007614DA /* ViewController.swift */,
				3A4F038B1D9A32F8007614DA /* SecondViewController.swift */,
				3A4F037D1D9A32AA007614DA /* Main.storyboard */,
				3A4F03801D9A32AA007614DA /* Assets.xcassets */,
				3A4F03821D9A32AA007614DA /* LaunchScreen.storyboard */,
				3A4F03851D9A32AA007614DA /* Info.plist */,
			);
			path = DataTransfer;
			sourceTree = "<group>";
		};
/* End PBXGroup section */

/* Begin PBXNativeTarget section */
		3A4F03751D9A32AA007614DA /* DataTransfer */ = {
			isa = PBXNativeTarget;
			buildConfigurationList = 3A4F03881D9A32AB007614DA /* Build configuration list for PBXNativeTarget "DataTransfer" */;
			buildPhases = (
				3A4F03721D9A32AA007614DA /* Sources */,
				3A4F03731D9A32AA007614DA /* Frameworks */,
				3A4F03741D9A32AA007614DA /* Resources */,
			);
			buildRules = (
			);
			dependencies = (
			);
			name = DataTransfer;
			productName = DataTransfer;
			productReference = 3A4F03761D9A32AA007614DA /* DataTransfer.app */;
			productType = "com.apple.product-type.application";
		};
		3AA02F581D9D185600ECA6C4 /* DataTransfer_v-2.0 */ = {
			isa = PBXNativeTarget;
			buildConfigurationList = 3AA02F631D9D185600ECA6C4 /* Build configuration list for PBXNativeTarget "DataTransfer_v-2.0" */;
			buildPhases = (
				3AA02F591D9D185600ECA6C4 /* Sources */,
				3AA02F5E1D9D185600ECA6C4 /* Frameworks */,
				3AA02F5F1D9D185600ECA6C4 /* Resources */,
			);
			buildRules = (
			);
			dependencies = (
			);
			name = "DataTransfer_v-2.0";
			productName = DataTransfer;
			productReference = 3AA02F681D9D185600ECA6C4 /* DataTransfer_v-2.0.app */;
			productType = "com.apple.product-type.application";
		};
/* End PBXNativeTarget section */

/* Begin PBXProject section */
		3A4F036E1D9A32A9007614DA /* Project object */ = {
			isa = PBXProject;
			attributes = {
				LastSwiftUpdateCheck = 0730;
				LastUpgradeCheck = 0730;
				ORGANIZATIONNAME = "Nilesh Uttekar";
				TargetAttributes = {
					3A4F03751D9A32AA007614DA = {
						CreatedOnToolsVersion = 7.3.1;
					};
				};
			};
			buildConfigurationList = 3A4F03711D9A32A9007614DA /* Build configuration list for PBXProject "DataTransfer" */;
			compatibilityVersion = "Xcode 6.3";
			developmentRegion = English;
			hasScannedForEncodings = 0;
			knownRegions = (
				en,
				Base,
			);
			mainGroup = 3A4F036D1D9A32A9007614DA;
			productRefGroup = 3A4F03771D9A32AA007614DA /* Products */;
			projectDirPath = "";
			projectRoot = "";
			targets = (
				3A4F03751D9A32AA007614DA /* DataTransfer */,
				3AA02F581D9D185600ECA6C4 /* DataTransfer_v-2.0 */,
			);
		};
/* End PBXProject section */

/* Begin PBXResourcesBuildPhase section */
		3A4F03741D9A32AA007614DA /* Resources */ = {
			isa = PBXResourcesBuildPhase;
			buildActionMask = 2147483647;
			files = (
				3A4F03841D9A32AA007614DA /* LaunchScreen.storyboard in Resources */,
				3AA02F6B1D9D192900ECA6C4 /* Assets.xcassets in Resources */,
				3A4F037F1D9A32AA007614DA /* Main.storyboard in Resources */,
			);
			runOnlyForDeploymentPostprocessing = 0;
		};
		3AA02F5F1D9D185600ECA6C4 /* Resources */ = {
			isa = PBXResourcesBuildPhase;
			buildActionMask = 2147483647;
			files = (
				3AA02F601D9D185600ECA6C4 /* LaunchScreen.storyboard in Resources */,
				3AA02F611D9D185600ECA6C4 /* Assets.xcassets in Resources */,
				3AA02F621D9D185600ECA6C4 /* Main.storyboard in Resources */,
			);
			runOnlyForDeploymentPostprocessing = 0;
		};
/* End PBXResourcesBuildPhase section */

/* Begin PBXSourcesBuildPhase section */
		3A4F03721D9A32AA007614DA /* Sources */ = {
			isa = PBXSourcesBuildPhase;
			buildActionMask = 2147483647;
			files = (
				3A4F038C1D9A32F8007614DA /* SecondViewController.swift in Sources */,
				3A4F037C1D9A32AA007614DA /* ViewController.swift in Sources */,
				3A4F038E1D9A33F1007614DA /* UserData.swift in Sources */,
				3A4F037A1D9A32AA007614DA /* AppDelegate.swift in Sources */,
			);
			runOnlyForDeploymentPostprocessing = 0;
		};
		3AA02F591D9D185600ECA6C4 /* Sources */ = {
			isa = PBXSourcesBuildPhase;
			buildActionMask = 2147483647;
			files = (
				3AA02F5A1D9D185600ECA6C4 /* SecondViewController.swift in Sources */,
				3AA02F5B1D9D185600ECA6C4 /* ViewController.swift in Sources */,
				3AA02F5C1D9D185600ECA6C4 /* UserData.swift in Sources */,
				3AA02F5D1D9D185600ECA6C4 /* AppDelegate.swift in Sources */,
			);
			runOnlyForDeploymentPostprocessing = 0;
		};
/* End PBXSourcesBuildPhase section */

/* Begin PBXVariantGroup section */
		3A4F037D1D9A32AA007614DA /* Main.storyboard */ = {
			isa = PBXVariantGroup;
			children = (
				3A4F037E1D9A32AA007614DA /* Base */,
			);
			name = Main.storyboard;
			sourceTree = "<group>";
		};
		3A4F03821D9A32AA007614DA /* LaunchScreen.storyboard */ = {
			isa = PBXVariantGroup;
			children = (
				3A4F03831D9A32AA007614DA /* Base */,
			);
			name = LaunchScreen.storyboard;
			sourceTree = "<group>";
		};
/* End PBXVariantGroup section */

/* Begin XCBuildConfiguration section */
		3A4F03861D9A32AB007614DA /* Debug */ = {
			isa = XCBuildConfiguration;
			buildSettings = {
				ALWAYS_SEARCH_USER_PATHS = NO;
				CLANG_ANALYZER_NONNULL = YES;
				CLANG_CXX_LANGUAGE_STANDARD = "gnu++0x";
				CLANG_CXX_LIBRARY = "libc++";
				CLANG_ENABLE_MODULES = YES;
				CLANG_ENABLE_OBJC_ARC = YES;
				CLANG_WARN_BOOL_CONVERSION = YES;
				CLANG_WARN_CONSTANT_CONVERSION = YES;
				CLANG_WARN_DIRECT_OBJC_ISA_USAGE = YES_ERROR;
				CLANG_WARN_EMPTY_BODY = YES;
				CLANG_WARN_ENUM_CONVERSION = YES;
				CLANG_WARN_INT_CONVERSION = YES;
				CLANG_WARN_OBJC_ROOT_CLASS = YES_ERROR;
				CLANG_WARN_UNREACHABLE_CODE = YES;
				CLANG_WARN__DUPLICATE_METHOD_MATCH = YES;
				"CODE_SIGN_IDENTITY[sdk=iphoneos*]" = "iPhone Developer";
				COPY_PHASE_STRIP = NO;
				DEBUG_INFORMATION_FORMAT = dwarf;
				ENABLE_STRICT_OBJC_MSGSEND = YES;
				ENABLE_TESTABILITY = YES;
				GCC_C_LANGUAGE_STANDARD = gnu99;
				GCC_DYNAMIC_NO_PIC = NO;
				GCC_NO_COMMON_BLOCKS = YES;
				GCC_OPTIMIZATION_LEVEL = 0;
				GCC_PREPROCESSOR_DEFINITIONS = (
					"DEBUG=1",
					"$(inherited)",
				);
				GCC_WARN_64_TO_32_BIT_CONVERSION = YES;
				GCC_WARN_ABOUT_RETURN_TYPE = YES_ERROR;
				GCC_WARN_UNDECLARED_SELECTOR = YES;
				GCC_WARN_UNINITIALIZED_AUTOS = YES_AGGRESSIVE;
				GCC_WARN_UNUSED_FUNCTION = YES;
				GCC_WARN_UNUSED_VARIABLE = YES;
				IPHONEOS_DEPLOYMENT_TARGET = 9.3;
				MTL_ENABLE_DEBUG_INFO = YES;
				ONLY_ACTIVE_ARCH = YES;
				SDKROOT = iphoneos;
				SWIFT_OPTIMIZATION_LEVEL = "-Onone";
			};
			name = Debug;
		};
		3A4F03871D9A32AB007614DA /* Release */ = {
			isa = XCBuildConfiguration;
			buildSettings = {
				ALWAYS_SEARCH_USER_PATHS = NO;
				CLANG_ANALYZER_NONNULL = YES;
				CLANG_CXX_LANGUAGE_STANDARD = "gnu++0x";
				CLANG_CXX_LIBRARY = "libc++";
				CLANG_ENABLE_MODULES = YES;
				CLANG_ENABLE_OBJC_ARC = YES;
				CLANG_WARN_BOOL_CONVERSION = YES;
				CLANG_WARN_CONSTANT_CONVERSION = YES;
				CLANG_WARN_DIRECT_OBJC_ISA_USAGE = YES_ERROR;
				CLANG_WARN_EMPTY_BODY = YES;
				CLANG_WARN_ENUM_CONVERSION = YES;
				CLANG_WARN_INT_CONVERSION = YES;
				CLANG_WARN_OBJC_ROOT_CLASS = YES_ERROR;
				CLANG_WARN_UNREACHABLE_CODE = YES;
				CLANG_WARN__DUPLICATE_METHOD_MATCH = YES;
				"CODE_SIGN_IDENTITY[sdk=iphoneos*]" = "iPhone Developer";
				COPY_PHASE_STRIP = NO;
				DEBUG_INFORMATION_FORMAT = "dwarf-with-dsym";
				ENABLE_NS_ASSERTIONS = NO;
				ENABLE_STRICT_OBJC_MSGSEND = YES;
				GCC_C_LANGUAGE_STANDARD = gnu99;
				GCC_NO_COMMON_BLOCKS = YES;
				GCC_WARN_64_TO_32_BIT_CONVERSION = YES;
				GCC_WARN_ABOUT_RETURN_TYPE = YES_ERROR;
				GCC_WARN_UNDECLARED_SELECTOR = YES;
				GCC_WARN_UNINITIALIZED_AUTOS = YES_AGGRESSIVE;
				GCC_WARN_UNUSED_FUNCTION = YES;
				GCC_WARN_UNUSED_VARIABLE = YES;
				IPHONEOS_DEPLOYMENT_TARGET = 9.3;
				MTL_ENABLE_DEBUG_INFO = NO;
				SDKROOT = iphoneos;
				VALIDATE_PRODUCT = YES;
			};
			name = Release;
		};
		3A4F03891D9A32AB007614DA /* Debug */ = {
			isa = XCBuildConfiguration;
			buildSettings = {
				ASSETCATALOG_COMPILER_APPICON_NAME = AppIcon;
				INFOPLIST_FILE = DataTransfer/Info.plist;
				IPHONEOS_DEPLOYMENT_TARGET = 9.0;
				LD_RUNPATH_SEARCH_PATHS = "$(inherited) @executable_path/Frameworks";
				PRODUCT_BUNDLE_IDENTIFIER = com.fundtech.DataTransfer;
				PRODUCT_NAME = "$(TARGET_NAME)";
			};
			name = Debug;
		};
		3A4F038A1D9A32AB007614DA /* Release */ = {
			isa = XCBuildConfiguration;
			buildSettings = {
				ASSETCATALOG_COMPILER_APPICON_NAME = AppIcon;
				INFOPLIST_FILE = DataTransfer/Info.plist;
				IPHONEOS_DEPLOYMENT_TARGET = 9.0;
				LD_RUNPATH_SEARCH_PATHS = "$(inherited) @executable_path/Frameworks";
				PRODUCT_BUNDLE_IDENTIFIER = com.fundtech.DataTransfer;
				PRODUCT_NAME = "$(TARGET_NAME)";
			};
			name = Release;
		};
		3AA02F541D9D16D600ECA6C4 /* Staging */ = {
			isa = XCBuildConfiguration;
			buildSettings = {
				ALWAYS_SEARCH_USER_PATHS = NO;
				CLANG_ANALYZER_NONNULL = YES;
				CLANG_CXX_LANGUAGE_STANDARD = "gnu++0x";
				CLANG_CXX_LIBRARY = "libc++";
				CLANG_ENABLE_MODULES = YES;
				CLANG_ENABLE_OBJC_ARC = YES;
				CLANG_WARN_BOOL_CONVERSION = YES;
				CLANG_WARN_CONSTANT_CONVERSION = YES;
				CLANG_WARN_DIRECT_OBJC_ISA_USAGE = YES_ERROR;
				CLANG_WARN_EMPTY_BODY = YES;
				CLANG_WARN_ENUM_CONVERSION = YES;
				CLANG_WARN_INT_CONVERSION = YES;
				CLANG_WARN_OBJC_ROOT_CLASS = YES_ERROR;
				CLANG_WARN_UNREACHABLE_CODE = YES;
				CLANG_WARN__DUPLICATE_METHOD_MATCH = YES;
				"CODE_SIGN_IDENTITY[sdk=iphoneos*]" = "iPhone Developer";
				COPY_PHASE_STRIP = NO;
				DEBUG_INFORMATION_FORMAT = dwarf;
				ENABLE_STRICT_OBJC_MSGSEND = YES;
				ENABLE_TESTABILITY = YES;
				GCC_C_LANGUAGE_STANDARD = gnu99;
				GCC_DYNAMIC_NO_PIC = NO;
				GCC_NO_COMMON_BLOCKS = YES;
				GCC_OPTIMIZATION_LEVEL = 0;
				GCC_PREPROCESSOR_DEFINITIONS = (
					"DEBUG=1",
					"$(inherited)",
				);
				GCC_WARN_64_TO_32_BIT_CONVERSION = YES;
				GCC_WARN_ABOUT_RETURN_TYPE = YES_ERROR;
				GCC_WARN_UNDECLARED_SELECTOR = YES;
				GCC_WARN_UNINITIALIZED_AUTOS = YES_AGGRESSIVE;
				GCC_WARN_UNUSED_FUNCTION = YES;
				GCC_WARN_UNUSED_VARIABLE = YES;
				IPHONEOS_DEPLOYMENT_TARGET = 9.3;
				MTL_ENABLE_DEBUG_INFO = YES;
				ONLY_ACTIVE_ARCH = YES;
				SDKROOT = iphoneos;
				SWIFT_OPTIMIZATION_LEVEL = "-Onone";
			};
			name = Staging;
		};
		3AA02F551D9D16D600ECA6C4 /* Staging */ = {
			isa = XCBuildConfiguration;
			buildSettings = {
				ASSETCATALOG_COMPILER_APPICON_NAME = AppIcon;
				INFOPLIST_FILE = DataTransfer/Info.plist;
				IPHONEOS_DEPLOYMENT_TARGET = 9.0;
				LD_RUNPATH_SEARCH_PATHS = "$(inherited) @executable_path/Frameworks";
				PRODUCT_BUNDLE_IDENTIFIER = com.fundtech.DataTransfer;
				PRODUCT_NAME = "$(TARGET_NAME)";
			};
			name = Staging;
		};
		3AA02F561D9D16EC00ECA6C4 /* AppStore */ = {
			isa = XCBuildConfiguration;
			buildSettings = {
				ALWAYS_SEARCH_USER_PATHS = NO;
				CLANG_ANALYZER_NONNULL = YES;
				CLANG_CXX_LANGUAGE_STANDARD = "gnu++0x";
				CLANG_CXX_LIBRARY = "libc++";
				CLANG_ENABLE_MODULES = YES;
				CLANG_ENABLE_OBJC_ARC = YES;
				CLANG_WARN_BOOL_CONVERSION = YES;
				CLANG_WARN_CONSTANT_CONVERSION = YES;
				CLANG_WARN_DIRECT_OBJC_ISA_USAGE = YES_ERROR;
				CLANG_WARN_EMPTY_BODY = YES;
				CLANG_WARN_ENUM_CONVERSION = YES;
				CLANG_WARN_INT_CONVERSION = YES;
				CLANG_WARN_OBJC_ROOT_CLASS = YES_ERROR;
				CLANG_WARN_UNREACHABLE_CODE = YES;
				CLANG_WARN__DUPLICATE_METHOD_MATCH = YES;
				"CODE_SIGN_IDENTITY[sdk=iphoneos*]" = "iPhone Developer";
				COPY_PHASE_STRIP = NO;
				DEBUG_INFORMATION_FORMAT = "dwarf-with-dsym";
				ENABLE_NS_ASSERTIONS = NO;
				ENABLE_STRICT_OBJC_MSGSEND = YES;
				GCC_C_LANGUAGE_STANDARD = gnu99;
				GCC_NO_COMMON_BLOCKS = YES;
				GCC_WARN_64_TO_32_BIT_CONVERSION = YES;
				GCC_WARN_ABOUT_RETURN_TYPE = YES_ERROR;
				GCC_WARN_UNDECLARED_SELECTOR = YES;
				GCC_WARN_UNINITIALIZED_AUTOS = YES_AGGRESSIVE;
				GCC_WARN_UNUSED_FUNCTION = YES;
				GCC_WARN_UNUSED_VARIABLE = YES;
				IPHONEOS_DEPLOYMENT_TARGET = 9.3;
				MTL_ENABLE_DEBUG_INFO = NO;
				SDKROOT = iphoneos;
				VALIDATE_PRODUCT = YES;
			};
			name = AppStore;
		};
		3AA02F571D9D16EC00ECA6C4 /* AppStore */ = {
			isa = XCBuildConfiguration;
			buildSettings = {
				ASSETCATALOG_COMPILER_APPICON_NAME = AppIcon;
				INFOPLIST_FILE = DataTransfer/Info.plist;
				IPHONEOS_DEPLOYMENT_TARGET = 9.0;
				LD_RUNPATH_SEARCH_PATHS = "$(inherited) @executable_path/Frameworks";
				PRODUCT_BUNDLE_IDENTIFIER = com.fundtech.DataTransfer;
				PRODUCT_NAME = "$(TARGET_NAME)";
			};
			name = AppStore;
		};
		3AA02F641D9D185600ECA6C4 /* Debug */ = {
			isa = XCBuildConfiguration;
			buildSettings = {
				ASSETCATALOG_COMPILER_APPICON_NAME = AppIcon;
				ASSETCATALOG_COMPILER_LAUNCHIMAGE_NAME = "Brand Assets";
				INFOPLIST_FILE = "DataTransfer copy-Info.plist";
				IPHONEOS_DEPLOYMENT_TARGET = 9.0;
				LD_RUNPATH_SEARCH_PATHS = "$(inherited) @executable_path/Frameworks";
				PRODUCT_BUNDLE_IDENTIFIER = com.fundtech.DataTransfer;
				PRODUCT_NAME = "$(TARGET_NAME)";
			};
			name = Debug;
		};
		3AA02F651D9D185600ECA6C4 /* Staging */ = {
			isa = XCBuildConfiguration;
			buildSettings = {
				ASSETCATALOG_COMPILER_APPICON_NAME = AppIcon;
				ASSETCATALOG_COMPILER_LAUNCHIMAGE_NAME = "Brand Assets";
				INFOPLIST_FILE = "DataTransfer copy-Info.plist";
				IPHONEOS_DEPLOYMENT_TARGET = 9.0;
				LD_RUNPATH_SEARCH_PATHS = "$(inherited) @executable_path/Frameworks";
				PRODUCT_BUNDLE_IDENTIFIER = com.fundtech.DataTransfer;
				PRODUCT_NAME = "$(TARGET_NAME)";
			};
			name = Staging;
		};
		3AA02F661D9D185600ECA6C4 /* Release */ = {
			isa = XCBuildConfiguration;
			buildSettings = {
				ASSETCATALOG_COMPILER_APPICON_NAME = AppIcon;
				ASSETCATALOG_COMPILER_LAUNCHIMAGE_NAME = "Brand Assets";
				INFOPLIST_FILE = "DataTransfer copy-Info.plist";
				IPHONEOS_DEPLOYMENT_TARGET = 9.0;
				LD_RUNPATH_SEARCH_PATHS = "$(inherited) @executable_path/Frameworks";
				PRODUCT_BUNDLE_IDENTIFIER = com.fundtech.DataTransfer;
				PRODUCT_NAME = "$(TARGET_NAME)";
			};
			name = Release;
		};
		3AA02F671D9D185600ECA6C4 /* AppStore */ = {
			isa = XCBuildConfiguration;
			buildSettings = {
				ASSETCATALOG_COMPILER_APPICON_NAME = AppIcon;
				ASSETCATALOG_COMPILER_LAUNCHIMAGE_NAME = "Brand Assets";
				INFOPLIST_FILE = "DataTransfer copy-Info.plist";
				IPHONEOS_DEPLOYMENT_TARGET = 9.0;
				LD_RUNPATH_SEARCH_PATHS = "$(inherited) @executable_path/Frameworks";
				PRODUCT_BUNDLE_IDENTIFIER = com.fundtech.DataTransfer;
				PRODUCT_NAME = "$(TARGET_NAME)";
			};
			name = AppStore;
		};
/* End XCBuildConfiguration section */

/* Begin XCConfigurationList section */
		3A4F03711D9A32A9007614DA /* Build configuration list for PBXProject "DataTransfer" */ = {
			isa = XCConfigurationList;
			buildConfigurations = (
				3A4F03861D9A32AB007614DA /* Debug */,
				3AA02F541D9D16D600ECA6C4 /* Staging */,
				3A4F03871D9A32AB007614DA /* Release */,
				3AA02F561D9D16EC00ECA6C4 /* AppStore */,
			);
			defaultConfigurationIsVisible = 0;
			defaultConfigurationName = Release;
		};
		3A4F03881D9A32AB007614DA /* Build configuration list for PBXNativeTarget "DataTransfer" */ = {
			isa = XCConfigurationList;
			buildConfigurations = (
				3A4F03891D9A32AB007614DA /* Debug */,
				3AA02F551D9D16D600ECA6C4 /* Staging */,
				3A4F038A1D9A32AB007614DA /* Release */,
				3AA02F571D9D16EC00ECA6C4 /* AppStore */,
			);
			defaultConfigurationIsVisible = 0;
			defaultConfigurationName = Release;
		};
		3AA02F631D9D185600ECA6C4 /* Build configuration list for PBXNativeTarget "DataTransfer_v-2.0" */ = {
			isa = XCConfigurationList;
			buildConfigurations = (
				3AA02F641D9D185600ECA6C4 /* Debug */,
				3AA02F651D9D185600ECA6C4 /* Staging */,
				3AA02F661D9D185600ECA6C4 /* Release */,
				3AA02F671D9D185600ECA6C4 /* AppStore */,
			);
			defaultConfigurationIsVisible = 0;
			defaultConfigurationName = Release;
		};
/* End XCConfigurationList section */
	};
	rootObject = 3A4F036E1D9A32A9007614DA /* Project object */;
}
